
Microsoft Visual Studio Solution File, Format Version 12.00
# Visual Studio Version 16
VisualStudioVersion = 16.0.28917.181
MinimumVisualStudioVersion = 10.0.40219.1
Project("{FAE04EC0-301F-11D3-BF4B-00C04F79EFBC}") = "Proyecto_Entrega_4", "Proyecto_Entrega_4\Proyecto_Entrega_4.csproj", "{AE4D5042-AF29-495C-92C0-876ACBF83026}"
EndProject
Global
	GlobalSection(SolutionConfigurationPlatforms) = preSolution
		Debug|Any CPU = Debug|Any CPU
		Release|Any CPU = Release|Any CPU
	EndGlobalSection
	GlobalSection(ProjectConfigurationPlatforms) = postSolution
		{AE4D5042-AF29-495C-92C0-876ACBF83026}.Debug|Any CPU.ActiveCfg = Debug|Any CPU
		{AE4D5042-AF29-495C-92C0-876ACBF83026}.Debug|Any CPU.Build.0 = Debug|Any CPU
		{AE4D5042-AF29-495C-92C0-876ACBF83026}.Release|Any CPU.ActiveCfg = Release|Any CPU
		{AE4D5042-AF29-495C-92C0-876ACBF83026}.Release|Any CPU.Build.0 = Release|Any CPU
	EndGlobalSection
	GlobalSection(SolutionProperties) = preSolution
		HideSolutionNode = FALSE
	EndGlobalSection
	GlobalSection(ExtensibilityGlobals) = postSolution
		SolutionGuid = {AAE321C8-81D7-46CF-9D72-5B359AD5549F}
	EndGlobalSection
EndGlobal
